
Microsoft Visual Studio Solution File, Format Version 12.00
# Visual Studio Version 17
VisualStudioVersion = 17.11.35222.181
MinimumVisualStudioVersion = 10.0.40219.1
Project("{FAE04EC0-301F-11D3-BF4B-00C04F79EFBC}") = "snippetCODE", "snippetCODE\snippetCODE.csproj", "{CF548DDD-3EC3-4BC3-8F0B-DF5F3466A057}"
EndProject
Global
	GlobalSection(SolutionConfigurationPlatforms) = preSolution
		Debug|Any CPU = Debug|Any CPU
		Release|Any CPU = Release|Any CPU
	EndGlobalSection
	GlobalSection(ProjectConfigurationPlatforms) = postSolution
		{CF548DDD-3EC3-4BC3-8F0B-DF5F3466A057}.Debug|Any CPU.ActiveCfg = Debug|Any CPU
		{CF548DDD-3EC3-4BC3-8F0B-DF5F3466A057}.Debug|Any CPU.Build.0 = Debug|Any CPU
		{CF548DDD-3EC3-4BC3-8F0B-DF5F3466A057}.Release|Any CPU.ActiveCfg = Release|Any CPU
		{CF548DDD-3EC3-4BC3-8F0B-DF5F3466A057}.Release|Any CPU.Build.0 = Release|Any CPU
	EndGlobalSection
	GlobalSection(SolutionProperties) = preSolution
		HideSolutionNode = FALSE
	EndGlobalSection
	GlobalSection(ExtensibilityGlobals) = postSolution
		SolutionGuid = {11616AE4-B92C-4D1F-A956-B954AD02D38E}
	EndGlobalSection
EndGlobal
